
Microsoft Visual Studio Solution File, Format Version 12.00
# Visual Studio Version 16
VisualStudioVersion = 16.0.31229.75
MinimumVisualStudioVersion = 10.0.40219.1
Project("{FAE04EC0-301F-11D3-BF4B-00C04F79EFBC}") = "NetCoreApiManager", "NetCoreApiManager\NetCoreApiManager.csproj", "{F1A3F8C8-9241-4890-9DD1-60B792A27143}"
EndProject
Global
	GlobalSection(SolutionConfigurationPlatforms) = preSolution
		Debug|Any CPU = Debug|Any CPU
		Release|Any CPU = Release|Any CPU
	EndGlobalSection
	GlobalSection(ProjectConfigurationPlatforms) = postSolution
		{F1A3F8C8-9241-4890-9DD1-60B792A27143}.Debug|Any CPU.ActiveCfg = Debug|Any CPU
		{F1A3F8C8-9241-4890-9DD1-60B792A27143}.Debug|Any CPU.Build.0 = Debug|Any CPU
		{F1A3F8C8-9241-4890-9DD1-60B792A27143}.Release|Any CPU.ActiveCfg = Release|Any CPU
		{F1A3F8C8-9241-4890-9DD1-60B792A27143}.Release|Any CPU.Build.0 = Release|Any CPU
	EndGlobalSection
	GlobalSection(SolutionProperties) = preSolution
		HideSolutionNode = FALSE
	EndGlobalSection
	GlobalSection(ExtensibilityGlobals) = postSolution
		SolutionGuid = {E71B69FD-AA9E-48E0-BE35-87F7579E461B}
	EndGlobalSection
EndGlobal
